Microsoft Visual Studio Solution File, Format Version 11.00
# Visual Studio 2017

Project("{8BC9CEB8-8B4A-11D0-8D11-00A0C91BC942}") = "PlayingSoundFilesTutorial - App", "PlayingSoundFilesTutorial_App.vcxproj", "{24CE7B65-1D0D-643E-17DA-6A772DE13A45}"
EndProject
Global
	GlobalSection(SolutionConfigurationPlatforms) = preSolution
		Debug|x64 = Debug|x64
		Release|x64 = Release|x64
	EndGlobalSection
	GlobalSection(ProjectConfigurationPlatforms) = postSolution
		{24CE7B65-1D0D-643E-17DA-6A772DE13A45}.Debug|x64.ActiveCfg = Debug|x64
		{24CE7B65-1D0D-643E-17DA-6A772DE13A45}.Debug|x64.Build.0 = Debug|x64
		{24CE7B65-1D0D-643E-17DA-6A772DE13A45}.Release|x64.ActiveCfg = Release|x64
		{24CE7B65-1D0D-643E-17DA-6A772DE13A45}.Release|x64.Build.0 = Release|x64
	EndGlobalSection
	GlobalSection(SolutionProperties) = preSolution
		HideSolutionNode = FALSE
	EndGlobalSection
EndGlobal
